
Microsoft Visual Studio Solution File, Format Version 12.00
# Visual Studio 2015
Project("{FAE04EC0-301F-11D3-BF4B-00C04F79EFBC}") = "UnityVS.Project Shoot Ball.CSharp", "UnityVS.Project Shoot Ball.CSharp.csproj", "{B7484EEE-3388-E497-95D8-CCD7C79D87EB}"
EndProject
Project("{FAE04EC0-301F-11D3-BF4B-00C04F79EFBC}") = "UnityVS.Project Shoot Ball.CSharp.Editor", "UnityVS.Project Shoot Ball.CSharp.Editor.csproj", "{52C26D99-A191-F30C-3077-45CB07D7B344}"
EndProject
Global
	GlobalSection(SolutionConfigurationPlatforms) = preSolution
		Debug|Any CPU = Debug|Any CPU
		Release|Any CPU = Release|Any CPU
	EndGlobalSection
	GlobalSection(ProjectConfigurationPlatforms) = postSolution
		{B7484EEE-3388-E497-95D8-CCD7C79D87EB}.Debug|Any CPU.ActiveCfg = Debug|Any CPU
		{B7484EEE-3388-E497-95D8-CCD7C79D87EB}.Debug|Any CPU.Build.0 = Debug|Any CPU
		{B7484EEE-3388-E497-95D8-CCD7C79D87EB}.Release|Any CPU.ActiveCfg = Release|Any CPU
		{B7484EEE-3388-E497-95D8-CCD7C79D87EB}.Release|Any CPU.Build.0 = Release|Any CPU
		{52C26D99-A191-F30C-3077-45CB07D7B344}.Debug|Any CPU.ActiveCfg = Debug|Any CPU
		{52C26D99-A191-F30C-3077-45CB07D7B344}.Debug|Any CPU.Build.0 = Debug|Any CPU
		{52C26D99-A191-F30C-3077-45CB07D7B344}.Release|Any CPU.ActiveCfg = Release|Any CPU
		{52C26D99-A191-F30C-3077-45CB07D7B344}.Release|Any CPU.Build.0 = Release|Any CPU
	EndGlobalSection
	GlobalSection(SolutionProperties) = preSolution
		HideSolutionNode = FALSE
	EndGlobalSection
EndGlobal
